
Microsoft Visual Studio Solution File, Format Version 12.00
# Visual Studio 15
VisualStudioVersion = 15.0.26730.16
MinimumVisualStudioVersion = 10.0.40219.1
Project("{FAE04EC0-301F-11D3-BF4B-00C04F79EFBC}") = "NorfolkCacheWebApp", "NorfolkCacheWebApp\NorfolkCacheWebApp.csproj", "{3A4A55B0-2B8B-46CA-AC4D-D6E11148F8EA}"
EndProject
Project("{FAE04EC0-301F-11D3-BF4B-00C04F79EFBC}") = "NorfolkCacheWebApp.Tests", "NorfolkCacheWebApp.Tests\NorfolkCacheWebApp.Tests.csproj", "{174E2165-07EB-47D0-A2FD-90A3B1FB558F}"
EndProject
Project("{FAE04EC0-301F-11D3-BF4B-00C04F79EFBC}") = "NorfolkCache.Services", "NorfolkCache.Services\NorfolkCache.Services.csproj", "{F6B9B418-E565-46EA-B32C-FB4EFFB2D3D0}"
EndProject
Project("{FAE04EC0-301F-11D3-BF4B-00C04F79EFBC}") = "NorfolkCache.Services.Tests", "NorfolkCache.Services.Tests\NorfolkCache.Services.Tests.csproj", "{259AC3DA-8A5A-46C0-AC3C-519891410581}"
EndProject
Global
	GlobalSection(SolutionConfigurationPlatforms) = preSolution
		Debug|Any CPU = Debug|Any CPU
		Release|Any CPU = Release|Any CPU
	EndGlobalSection
	GlobalSection(ProjectConfigurationPlatforms) = postSolution
		{3A4A55B0-2B8B-46CA-AC4D-D6E11148F8EA}.Debug|Any CPU.ActiveCfg = Debug|Any CPU
		{3A4A55B0-2B8B-46CA-AC4D-D6E11148F8EA}.Debug|Any CPU.Build.0 = Debug|Any CPU
		{3A4A55B0-2B8B-46CA-AC4D-D6E11148F8EA}.Release|Any CPU.ActiveCfg = Release|Any CPU
		{3A4A55B0-2B8B-46CA-AC4D-D6E11148F8EA}.Release|Any CPU.Build.0 = Release|Any CPU
		{174E2165-07EB-47D0-A2FD-90A3B1FB558F}.Debug|Any CPU.ActiveCfg = Debug|Any CPU
		{174E2165-07EB-47D0-A2FD-90A3B1FB558F}.Debug|Any CPU.Build.0 = Debug|Any CPU
		{174E2165-07EB-47D0-A2FD-90A3B1FB558F}.Release|Any CPU.ActiveCfg = Release|Any CPU
		{174E2165-07EB-47D0-A2FD-90A3B1FB558F}.Release|Any CPU.Build.0 = Release|Any CPU
		{F6B9B418-E565-46EA-B32C-FB4EFFB2D3D0}.Debug|Any CPU.ActiveCfg = Debug|Any CPU
		{F6B9B418-E565-46EA-B32C-FB4EFFB2D3D0}.Debug|Any CPU.Build.0 = Debug|Any CPU
		{F6B9B418-E565-46EA-B32C-FB4EFFB2D3D0}.Release|Any CPU.ActiveCfg = Release|Any CPU
		{F6B9B418-E565-46EA-B32C-FB4EFFB2D3D0}.Release|Any CPU.Build.0 = Release|Any CPU
		{259AC3DA-8A5A-46C0-AC3C-519891410581}.Debug|Any CPU.ActiveCfg = Debug|Any CPU
		{259AC3DA-8A5A-46C0-AC3C-519891410581}.Debug|Any CPU.Build.0 = Debug|Any CPU
		{259AC3DA-8A5A-46C0-AC3C-519891410581}.Release|Any CPU.ActiveCfg = Release|Any CPU
		{259AC3DA-8A5A-46C0-AC3C-519891410581}.Release|Any CPU.Build.0 = Release|Any CPU
	EndGlobalSection
	GlobalSection(SolutionProperties) = preSolution
		HideSolutionNode = FALSE
	EndGlobalSection
	GlobalSection(ExtensibilityGlobals) = postSolution
		SolutionGuid = {8FE6972C-42E1-4756-9D74-8BC50F2EDFE2}
	EndGlobalSection
EndGlobal
